
Microsoft Visual Studio Solution File, Format Version 12.00
# Visual Studio Version 17
VisualStudioVersion = 17.0.31903.59
MinimumVisualStudioVersion = 10.0.40219.1
Project("{2150E333-8FDC-42A3-9474-1A3956D46DE8}") = "src", "src", "{138ED0C2-B05D-4A45-890F-A8D47CB43EE5}"
EndProject
Project("{F2A71F9B-5D33-465A-A702-920D77279786}") = "maya.console", "src\maya.console\maya.console.fsproj", "{B79A45FC-24A0-46BA-B7A6-5A4659A538E5}"
EndProject
Project("{F2A71F9B-5D33-465A-A702-920D77279786}") = "maya", "src\maya\maya.fsproj", "{5E144502-12FB-4146-A2D5-32C1A1CB648B}"
EndProject
Global
	GlobalSection(SolutionConfigurationPlatforms) = preSolution
		Debug|Any CPU = Debug|Any CPU
		Release|Any CPU = Release|Any CPU
	EndGlobalSection
	GlobalSection(SolutionProperties) = preSolution
		HideSolutionNode = FALSE
	EndGlobalSection
	GlobalSection(ProjectConfigurationPlatforms) = postSolution
		{B79A45FC-24A0-46BA-B7A6-5A4659A538E5}.Debug|Any CPU.ActiveCfg = Debug|Any CPU
		{B79A45FC-24A0-46BA-B7A6-5A4659A538E5}.Debug|Any CPU.Build.0 = Debug|Any CPU
		{B79A45FC-24A0-46BA-B7A6-5A4659A538E5}.Release|Any CPU.ActiveCfg = Release|Any CPU
		{B79A45FC-24A0-46BA-B7A6-5A4659A538E5}.Release|Any CPU.Build.0 = Release|Any CPU
		{5E144502-12FB-4146-A2D5-32C1A1CB648B}.Debug|Any CPU.ActiveCfg = Debug|Any CPU
		{5E144502-12FB-4146-A2D5-32C1A1CB648B}.Debug|Any CPU.Build.0 = Debug|Any CPU
		{5E144502-12FB-4146-A2D5-32C1A1CB648B}.Release|Any CPU.ActiveCfg = Release|Any CPU
		{5E144502-12FB-4146-A2D5-32C1A1CB648B}.Release|Any CPU.Build.0 = Release|Any CPU
	EndGlobalSection
	GlobalSection(NestedProjects) = preSolution
		{B79A45FC-24A0-46BA-B7A6-5A4659A538E5} = {138ED0C2-B05D-4A45-890F-A8D47CB43EE5}
		{5E144502-12FB-4146-A2D5-32C1A1CB648B} = {138ED0C2-B05D-4A45-890F-A8D47CB43EE5}
	EndGlobalSection
EndGlobal
